
Microsoft Visual Studio Solution File, Format Version 12.00
# Visual Studio 14
VisualStudioVersion = 14.0.25123.0
MinimumVisualStudioVersion = 10.0.40219.1
Project("{FAE04EC0-301F-11D3-BF4B-00C04F79EFBC}") = "Apps", "Apps\Apps.csproj", "{73C95E0B-5588-489F-969E-9ACC01398BF1}"
EndProject
Project("{FAE04EC0-301F-11D3-BF4B-00C04F79EFBC}") = "Apps.Tests", "Apps.Tests\Apps.Tests.csproj", "{6202BBDD-D3C3-4C10-BBDD-E8D33A164B98}"
EndProject
Project("{2150E333-8FDC-42A3-9474-1A3956D46DE8}") = "Apps.Base", "Apps.Base", "{15C24A42-9C5B-40AA-AC4C-E121CE51FF11}"
EndProject
Project("{FAE04EC0-301F-11D3-BF4B-00C04F79EFBC}") = "Apps.BLL", "Apps.BLL\Apps.BLL.csproj", "{95B73C7D-E107-4365-8C9D-B8DAA3A9A84A}"
EndProject
Project("{FAE04EC0-301F-11D3-BF4B-00C04F79EFBC}") = "Apps.DAL", "Apps.DAL\Apps.DAL.csproj", "{27D1A737-98F4-4617-A5D7-F3A3948EE733}"
EndProject
Project("{FAE04EC0-301F-11D3-BF4B-00C04F79EFBC}") = "Apps.IBLL", "Apps.IBLL\Apps.IBLL.csproj", "{69895246-3275-4146-855E-03E233E7EE97}"
EndProject
Project("{FAE04EC0-301F-11D3-BF4B-00C04F79EFBC}") = "Apps.IDAL", "Apps.IDAL\Apps.IDAL.csproj", "{E4B6768E-45E9-477B-A301-C6904695681E}"
EndProject
Project("{FAE04EC0-301F-11D3-BF4B-00C04F79EFBC}") = "Apps.Common", "Apps.Common\Apps.Common.csproj", "{DA716FBC-2CB9-4D92-9027-913D1CF733E2}"
EndProject
Project("{FAE04EC0-301F-11D3-BF4B-00C04F79EFBC}") = "Apps.Core", "Apps.Core\Apps.Core.csproj", "{1035F484-04A5-4C45-B176-74352E3DFDE5}"
EndProject
Project("{FAE04EC0-301F-11D3-BF4B-00C04F79EFBC}") = "Apps.Jobs", "Apps.Jobs\Apps.Jobs.csproj", "{564FBD47-E560-43B1-86C5-BACE56BC4591}"
EndProject
Project("{FAE04EC0-301F-11D3-BF4B-00C04F79EFBC}") = "Apps.Locale", "Apps.Locale\Apps.Locale.csproj", "{662B3660-072E-4AE6-8D4F-D680E648741C}"
EndProject
Project("{FAE04EC0-301F-11D3-BF4B-00C04F79EFBC}") = "Apps.WebApi", "Apps.WebApi\Apps.WebApi.csproj", "{C1AEA241-97BD-4156-BC87-84F3E6308B0A}"
EndProject
Project("{FAE04EC0-301F-11D3-BF4B-00C04F79EFBC}") = "Apps.Web", "Apps.Web\Apps.Web.csproj", "{70BECF7B-14BE-41EC-A74B-D91061BFC1A8}"
EndProject
Project("{FAE04EC0-301F-11D3-BF4B-00C04F79EFBC}") = "Apps.Models", "Apps.Models\Apps.Models.csproj", "{A43E68DC-32EC-49CD-9778-1E39C2A5B31E}"
EndProject
Project("{FAE04EC0-301F-11D3-BF4B-00C04F79EFBC}") = "UnityDemo", "UnityDemo\UnityDemo.csproj", "{5480F333-66E9-4CF6-86A7-F1AD992458A6}"
EndProject
Global
	GlobalSection(SolutionConfigurationPlatforms) = preSolution
		Debug|Any CPU = Debug|Any CPU
		Release|Any CPU = Release|Any CPU
	EndGlobalSection
	GlobalSection(ProjectConfigurationPlatforms) = postSolution
		{73C95E0B-5588-489F-969E-9ACC01398BF1}.Debug|Any CPU.ActiveCfg = Debug|Any CPU
		{73C95E0B-5588-489F-969E-9ACC01398BF1}.Debug|Any CPU.Build.0 = Debug|Any CPU
		{73C95E0B-5588-489F-969E-9ACC01398BF1}.Release|Any CPU.ActiveCfg = Release|Any CPU
		{73C95E0B-5588-489F-969E-9ACC01398BF1}.Release|Any CPU.Build.0 = Release|Any CPU
		{6202BBDD-D3C3-4C10-BBDD-E8D33A164B98}.Debug|Any CPU.ActiveCfg = Debug|Any CPU
		{6202BBDD-D3C3-4C10-BBDD-E8D33A164B98}.Debug|Any CPU.Build.0 = Debug|Any CPU
		{6202BBDD-D3C3-4C10-BBDD-E8D33A164B98}.Release|Any CPU.ActiveCfg = Release|Any CPU
		{6202BBDD-D3C3-4C10-BBDD-E8D33A164B98}.Release|Any CPU.Build.0 = Release|Any CPU
		{95B73C7D-E107-4365-8C9D-B8DAA3A9A84A}.Debug|Any CPU.ActiveCfg = Debug|Any CPU
		{95B73C7D-E107-4365-8C9D-B8DAA3A9A84A}.Debug|Any CPU.Build.0 = Debug|Any CPU
		{95B73C7D-E107-4365-8C9D-B8DAA3A9A84A}.Release|Any CPU.ActiveCfg = Release|Any CPU
		{95B73C7D-E107-4365-8C9D-B8DAA3A9A84A}.Release|Any CPU.Build.0 = Release|Any CPU
		{27D1A737-98F4-4617-A5D7-F3A3948EE733}.Debug|Any CPU.ActiveCfg = Debug|Any CPU
		{27D1A737-98F4-4617-A5D7-F3A3948EE733}.Debug|Any CPU.Build.0 = Debug|Any CPU
		{27D1A737-98F4-4617-A5D7-F3A3948EE733}.Release|Any CPU.ActiveCfg = Release|Any CPU
		{27D1A737-98F4-4617-A5D7-F3A3948EE733}.Release|Any CPU.Build.0 = Release|Any CPU
		{69895246-3275-4146-855E-03E233E7EE97}.Debug|Any CPU.ActiveCfg = Debug|Any CPU
		{69895246-3275-4146-855E-03E233E7EE97}.Debug|Any CPU.Build.0 = Debug|Any CPU
		{69895246-3275-4146-855E-03E233E7EE97}.Release|Any CPU.ActiveCfg = Release|Any CPU
		{69895246-3275-4146-855E-03E233E7EE97}.Release|Any CPU.Build.0 = Release|Any CPU
		{E4B6768E-45E9-477B-A301-C6904695681E}.Debug|Any CPU.ActiveCfg = Debug|Any CPU
		{E4B6768E-45E9-477B-A301-C6904695681E}.Debug|Any CPU.Build.0 = Debug|Any CPU
		{E4B6768E-45E9-477B-A301-C6904695681E}.Release|Any CPU.ActiveCfg = Release|Any CPU
		{E4B6768E-45E9-477B-A301-C6904695681E}.Release|Any CPU.Build.0 = Release|Any CPU
		{DA716FBC-2CB9-4D92-9027-913D1CF733E2}.Debug|Any CPU.ActiveCfg = Debug|Any CPU
		{DA716FBC-2CB9-4D92-9027-913D1CF733E2}.Debug|Any CPU.Build.0 = Debug|Any CPU
		{DA716FBC-2CB9-4D92-9027-913D1CF733E2}.Release|Any CPU.ActiveCfg = Release|Any CPU
		{DA716FBC-2CB9-4D92-9027-913D1CF733E2}.Release|Any CPU.Build.0 = Release|Any CPU
		{1035F484-04A5-4C45-B176-74352E3DFDE5}.Debug|Any CPU.ActiveCfg = Debug|Any CPU
		{1035F484-04A5-4C45-B176-74352E3DFDE5}.Debug|Any CPU.Build.0 = Debug|Any CPU
		{1035F484-04A5-4C45-B176-74352E3DFDE5}.Release|Any CPU.ActiveCfg = Release|Any CPU
		{1035F484-04A5-4C45-B176-74352E3DFDE5}.Release|Any CPU.Build.0 = Release|Any CPU
		{564FBD47-E560-43B1-86C5-BACE56BC4591}.Debug|Any CPU.ActiveCfg = Debug|Any CPU
		{564FBD47-E560-43B1-86C5-BACE56BC4591}.Debug|Any CPU.Build.0 = Debug|Any CPU
		{564FBD47-E560-43B1-86C5-BACE56BC4591}.Release|Any CPU.ActiveCfg = Release|Any CPU
		{564FBD47-E560-43B1-86C5-BACE56BC4591}.Release|Any CPU.Build.0 = Release|Any CPU
		{662B3660-072E-4AE6-8D4F-D680E648741C}.Debug|Any CPU.ActiveCfg = Debug|Any CPU
		{662B3660-072E-4AE6-8D4F-D680E648741C}.Debug|Any CPU.Build.0 = Debug|Any CPU
		{662B3660-072E-4AE6-8D4F-D680E648741C}.Release|Any CPU.ActiveCfg = Release|Any CPU
		{662B3660-072E-4AE6-8D4F-D680E648741C}.Release|Any CPU.Build.0 = Release|Any CPU
		{C1AEA241-97BD-4156-BC87-84F3E6308B0A}.Debug|Any CPU.ActiveCfg = Debug|Any CPU
		{C1AEA241-97BD-4156-BC87-84F3E6308B0A}.Debug|Any CPU.Build.0 = Debug|Any CPU
		{C1AEA241-97BD-4156-BC87-84F3E6308B0A}.Release|Any CPU.ActiveCfg = Release|Any CPU
		{C1AEA241-97BD-4156-BC87-84F3E6308B0A}.Release|Any CPU.Build.0 = Release|Any CPU
		{70BECF7B-14BE-41EC-A74B-D91061BFC1A8}.Debug|Any CPU.ActiveCfg = Debug|Any CPU
		{70BECF7B-14BE-41EC-A74B-D91061BFC1A8}.Debug|Any CPU.Build.0 = Debug|Any CPU
		{70BECF7B-14BE-41EC-A74B-D91061BFC1A8}.Release|Any CPU.ActiveCfg = Release|Any CPU
		{70BECF7B-14BE-41EC-A74B-D91061BFC1A8}.Release|Any CPU.Build.0 = Release|Any CPU
		{A43E68DC-32EC-49CD-9778-1E39C2A5B31E}.Debug|Any CPU.ActiveCfg = Debug|Any CPU
		{A43E68DC-32EC-49CD-9778-1E39C2A5B31E}.Debug|Any CPU.Build.0 = Debug|Any CPU
		{A43E68DC-32EC-49CD-9778-1E39C2A5B31E}.Release|Any CPU.ActiveCfg = Release|Any CPU
		{A43E68DC-32EC-49CD-9778-1E39C2A5B31E}.Release|Any CPU.Build.0 = Release|Any CPU
		{5480F333-66E9-4CF6-86A7-F1AD992458A6}.Debug|Any CPU.ActiveCfg = Debug|Any CPU
		{5480F333-66E9-4CF6-86A7-F1AD992458A6}.Debug|Any CPU.Build.0 = Debug|Any CPU
		{5480F333-66E9-4CF6-86A7-F1AD992458A6}.Release|Any CPU.ActiveCfg = Release|Any CPU
		{5480F333-66E9-4CF6-86A7-F1AD992458A6}.Release|Any CPU.Build.0 = Release|Any CPU
	EndGlobalSection
	GlobalSection(SolutionProperties) = preSolution
		HideSolutionNode = FALSE
	EndGlobalSection
	GlobalSection(NestedProjects) = preSolution
		{95B73C7D-E107-4365-8C9D-B8DAA3A9A84A} = {15C24A42-9C5B-40AA-AC4C-E121CE51FF11}
		{27D1A737-98F4-4617-A5D7-F3A3948EE733} = {15C24A42-9C5B-40AA-AC4C-E121CE51FF11}
		{69895246-3275-4146-855E-03E233E7EE97} = {15C24A42-9C5B-40AA-AC4C-E121CE51FF11}
		{E4B6768E-45E9-477B-A301-C6904695681E} = {15C24A42-9C5B-40AA-AC4C-E121CE51FF11}
	EndGlobalSection
EndGlobal
